// !$*UTF8*$!
{
	archiveVersion = 1;
	classes = {
	};
	objectVersion = 77;
	objects = {

/* Begin PBXBuildFile section */
		14CE29BF540F3EB02BC44BEF /* SectionRegistry.swift in Sources */ = {isa = PBXBuildFile; fileRef = B51134CF2138D8912885B6D9 /* SectionRegistry.swift */; };
		2B0B10F4BDD43516350862E9 /* PiDashboardApp.swift in Sources */ = {isa = PBXBuildFile; fileRef = CAAA637AE2D6FD6F233DEB29 /* PiDashboardApp.swift */; };
		404809B548688F8CE56EEF32 /* placeholder.png in Resources */ = {isa = PBXBuildFile; fileRef = C5728DCFEF27BA71C26520EB /* placeholder.png */; };
		4C349D74C999406DEF80402A /* ContentProvider.swift in Sources */ = {isa = PBXBuildFile; fileRef = 7D6C65C031BAD9DC5B0EC638 /* ContentProvider.swift */; };
		53F932A2F378542372AD8887 /* TVServices.framework in Frameworks */ = {isa = PBXBuildFile; fileRef = 166E7E483868D63D60EA028C /* TVServices.framework */; };
		5C3D6485784FFFE8C3B12820 /* DashboardSection.swift in Sources */ = {isa = PBXBuildFile; fileRef = D7CC87AE85E82B1FAC56079A /* DashboardSection.swift */; };
		62A1CE3F9A52B9BF17CF9C3B /* ContentView.swift in Sources */ = {isa = PBXBuildFile; fileRef = EB469CF7BA44E54100095890 /* ContentView.swift */; };
		6397170816DEB4D31C99BFFD /* TopShelfExtension.appex in Embed Foundation Extensions */ = {isa = PBXBuildFile; fileRef = 04B865063419915A02E7117A /* TopShelfExtension.appex */; settings = {ATTRIBUTES = (RemoveHeadersOnCopy, ); }; };
		63F1B4E9B174615F7D4E43BA /* SharedCache.swift in Sources */ = {isa = PBXBuildFile; fileRef = 036B7F9E238831A41595106A /* SharedCache.swift */; };
		7E3BAC02FCB7B753B01A730A /* SharedConstants.swift in Sources */ = {isa = PBXBuildFile; fileRef = E7B8CACAD77FC9AE7CB982E6 /* SharedConstants.swift */; };
		7F596EBA0EDB2B60679492D8 /* SharedConstants.swift in Sources */ = {isa = PBXBuildFile; fileRef = E7B8CACAD77FC9AE7CB982E6 /* SharedConstants.swift */; };
		82BA324EFB20B0751625DEB0 /* SectionView.swift in Sources */ = {isa = PBXBuildFile; fileRef = 6ABFC261998B39594EAE45BA /* SectionView.swift */; };
		B632073D7F3FCF852CD183B8 /* StatusBanner.swift in Sources */ = {isa = PBXBuildFile; fileRef = 26FD25DDADD1503FCFE6AE32 /* StatusBanner.swift */; };
		BB2DA2DCBF29D2B8D14DE441 /* SharedModels.swift in Sources */ = {isa = PBXBuildFile; fileRef = C6EDED04573C7B24DE5791C9 /* SharedModels.swift */; };
		C9D5B3685EA6A573F027950E /* DashboardStore.swift in Sources */ = {isa = PBXBuildFile; fileRef = 6E86686747F4D7CDF767D7E9 /* DashboardStore.swift */; };
		CB42F449675693901D031D3C /* SharedModels.swift in Sources */ = {isa = PBXBuildFile; fileRef = C6EDED04573C7B24DE5791C9 /* SharedModels.swift */; };
		D8A789FA8B951D2E8EC32A53 /* PiAPIClient.swift in Sources */ = {isa = PBXBuildFile; fileRef = 20C48694D033424BF712C8CC /* PiAPIClient.swift */; };
		E1A47A998694AE9481F73F0F /* SharedCache.swift in Sources */ = {isa = PBXBuildFile; fileRef = 036B7F9E238831A41595106A /* SharedCache.swift */; };
/* End PBXBuildFile section */

/* Begin PBXContainerItemProxy section */
		0DE718403BAE528F92A0000C /* PBXContainerItemProxy */ = {
			isa = PBXContainerItemProxy;
			containerPortal = 4D95BA2B69D1BD52EE09B4FE /* Project object */;
			proxyType = 1;
			remoteGlobalIDString = CA1209D7C4EDFA8A7C945C0A;
			remoteInfo = TopShelfExtension;
		};
/* End PBXContainerItemProxy section */

/* Begin PBXCopyFilesBuildPhase section */
		1BBFCCDBBB417C90F702D07C /* Embed Foundation Extensions */ = {
			isa = PBXCopyFilesBuildPhase;
			buildActionMask = 2147483647;
			dstPath = "";
			dstSubfolderSpec = 13;
			files = (
				6397170816DEB4D31C99BFFD /* TopShelfExtension.appex in Embed Foundation Extensions */,
			);
			name = "Embed Foundation Extensions";
			runOnlyForDeploymentPostprocessing = 0;
		};
/* End PBXCopyFilesBuildPhase section */

/* Begin PBXFileReference section */
		036B7F9E238831A41595106A /* SharedCache.swift */ = {isa = PBXFileReference; lastKnownFileType = sourcecode.swift; path = SharedCache.swift; sourceTree = "<group>"; };
		04B865063419915A02E7117A /* TopShelfExtension.appex */ = {isa = PBXFileReference; includeInIndex = 0; lastKnownFileType = "wrapper.app-extension"; path = TopShelfExtension.appex; sourceTree = BUILT_PRODUCTS_DIR; };
		166E7E483868D63D60EA028C /* TVServices.framework */ = {isa = PBXFileReference; lastKnownFileType = wrapper.framework; name = TVServices.framework; path = System/Library/Frameworks/TVServices.framework; sourceTree = SDKROOT; };
		20C48694D033424BF712C8CC /* PiAPIClient.swift */ = {isa = PBXFileReference; lastKnownFileType = sourcecode.swift; path = PiAPIClient.swift; sourceTree = "<group>"; };
		26FD25DDADD1503FCFE6AE32 /* StatusBanner.swift */ = {isa = PBXFileReference; lastKnownFileType = sourcecode.swift; path = StatusBanner.swift; sourceTree = "<group>"; };
		272D8E104607094AE53A688F /* Info.plist */ = {isa = PBXFileReference; lastKnownFileType = text.plist; path = Info.plist; sourceTree = "<group>"; };
		6ABFC261998B39594EAE45BA /* SectionView.swift */ = {isa = PBXFileReference; lastKnownFileType = sourcecode.swift; path = SectionView.swift; sourceTree = "<group>"; };
		6E86686747F4D7CDF767D7E9 /* DashboardStore.swift */ = {isa = PBXFileReference; lastKnownFileType = sourcecode.swift; path = DashboardStore.swift; sourceTree = "<group>"; };
		7D6C65C031BAD9DC5B0EC638 /* ContentProvider.swift */ = {isa = PBXFileReference; lastKnownFileType = sourcecode.swift; path = ContentProvider.swift; sourceTree = "<group>"; };
		92C86E4000B900AFEEC80FB4 /* Config.xcconfig */ = {isa = PBXFileReference; lastKnownFileType = text.xcconfig; path = Config.xcconfig; sourceTree = "<group>"; };
		AF81475CC6A56181C6CBC160 /* PiDashboard.app */ = {isa = PBXFileReference; includeInIndex = 0; lastKnownFileType = wrapper.application; path = PiDashboard.app; sourceTree = BUILT_PRODUCTS_DIR; };
		B51134CF2138D8912885B6D9 /* SectionRegistry.swift */ = {isa = PBXFileReference; lastKnownFileType = sourcecode.swift; path = SectionRegistry.swift; sourceTree = "<group>"; };
		C5728DCFEF27BA71C26520EB /* placeholder.png */ = {isa = PBXFileReference; lastKnownFileType = image.png; path = placeholder.png; sourceTree = "<group>"; };
		C6EDED04573C7B24DE5791C9 /* SharedModels.swift */ = {isa = PBXFileReference; lastKnownFileType = sourcecode.swift; path = SharedModels.swift; sourceTree = "<group>"; };
		CAAA637AE2D6FD6F233DEB29 /* PiDashboardApp.swift */ = {isa = PBXFileReference; lastKnownFileType = sourcecode.swift; path = PiDashboardApp.swift; sourceTree = "<group>"; };
		D7CC87AE85E82B1FAC56079A /* DashboardSection.swift */ = {isa = PBXFileReference; lastKnownFileType = sourcecode.swift; path = DashboardSection.swift; sourceTree = "<group>"; };
		E453A4E1746ED032873DAECD /* PiDashboard.entitlements */ = {isa = PBXFileReference; lastKnownFileType = text.plist.entitlements; path = PiDashboard.entitlements; sourceTree = "<group>"; };
		E7B8CACAD77FC9AE7CB982E6 /* SharedConstants.swift */ = {isa = PBXFileReference; lastKnownFileType = sourcecode.swift; path = SharedConstants.swift; sourceTree = "<group>"; };
		EB469CF7BA44E54100095890 /* ContentView.swift */ = {isa = PBXFileReference; lastKnownFileType = sourcecode.swift; path = ContentView.swift; sourceTree = "<group>"; };
/* End PBXFileReference section */

/* Begin PBXFrameworksBuildPhase section */
		91E5CAF9AD43237EFBC5DC4A /* Frameworks */ = {
			isa = PBXFrameworksBuildPhase;
			buildActionMask = 2147483647;
			files = (
				53F932A2F378542372AD8887 /* TVServices.framework in Frameworks */,
			);
			runOnlyForDeploymentPostprocessing = 0;
		};
/* End PBXFrameworksBuildPhase section */

/* Begin PBXGroup section */
		033AF1CAEBA66436B5889800 /* Shared */ = {
			isa = PBXGroup;
			children = (
				036B7F9E238831A41595106A /* SharedCache.swift */,
				E7B8CACAD77FC9AE7CB982E6 /* SharedConstants.swift */,
				C6EDED04573C7B24DE5791C9 /* SharedModels.swift */,
			);
			path = Shared;
			sourceTree = "<group>";
		};
		16C29D10E8163CD0BB853EEA /* Views */ = {
			isa = PBXGroup;
			children = (
				EB469CF7BA44E54100095890 /* ContentView.swift */,
				6ABFC261998B39594EAE45BA /* SectionView.swift */,
				26FD25DDADD1503FCFE6AE32 /* StatusBanner.swift */,
			);
			path = Views;
			sourceTree = "<group>";
		};
		2BEC87E26AAEE82F3E384260 /* PiDashboard */ = {
			isa = PBXGroup;
			children = (
				272D8E104607094AE53A688F /* Info.plist */,
				E453A4E1746ED032873DAECD /* PiDashboard.entitlements */,
				58649AD6C5C987D92C17B823 /* App */,
				623551948CE8FF5B59A705EC /* Models */,
				76F805F80F8F223C5C4E049B /* Services */,
				16C29D10E8163CD0BB853EEA /* Views */,
			);
			path = PiDashboard;
			sourceTree = "<group>";
		};
		58649AD6C5C987D92C17B823 /* App */ = {
			isa = PBXGroup;
			children = (
				CAAA637AE2D6FD6F233DEB29 /* PiDashboardApp.swift */,
			);
			path = App;
			sourceTree = "<group>";
		};
		5A08F86A6F7321F8A62C4F7C = {
			isa = PBXGroup;
			children = (
				2BEC87E26AAEE82F3E384260 /* PiDashboard */,
				667BE460D77299DC3BBF186A /* PiDashboard */,
				033AF1CAEBA66436B5889800 /* Shared */,
				E35A5DB0287083C620866702 /* TopShelfExtension */,
				C3C6C472FE477B0FB9C6ACD1 /* Frameworks */,
				C0C0FEA99E9F43008E96F5D8 /* Products */,
			);
			sourceTree = "<group>";
		};
		623551948CE8FF5B59A705EC /* Models */ = {
			isa = PBXGroup;
			children = (
				D7CC87AE85E82B1FAC56079A /* DashboardSection.swift */,
				B51134CF2138D8912885B6D9 /* SectionRegistry.swift */,
			);
			path = Models;
			sourceTree = "<group>";
		};
		667BE460D77299DC3BBF186A /* PiDashboard */ = {
			isa = PBXGroup;
			children = (
				92C86E4000B900AFEEC80FB4 /* Config.xcconfig */,
			);
			name = PiDashboard;
			path = .;
			sourceTree = "<group>";
		};
		76F805F80F8F223C5C4E049B /* Services */ = {
			isa = PBXGroup;
			children = (
				6E86686747F4D7CDF767D7E9 /* DashboardStore.swift */,
				20C48694D033424BF712C8CC /* PiAPIClient.swift */,
			);
			path = Services;
			sourceTree = "<group>";
		};
		C0C0FEA99E9F43008E96F5D8 /* Products */ = {
			isa = PBXGroup;
			children = (
				AF81475CC6A56181C6CBC160 /* PiDashboard.app */,
				04B865063419915A02E7117A /* TopShelfExtension.appex */,
			);
			name = Products;
			sourceTree = "<group>";
		};
		C3C6C472FE477B0FB9C6ACD1 /* Frameworks */ = {
			isa = PBXGroup;
			children = (
				166E7E483868D63D60EA028C /* TVServices.framework */,
			);
			name = Frameworks;
			sourceTree = "<group>";
		};
		E35A5DB0287083C620866702 /* TopShelfExtension */ = {
			isa = PBXGroup;
			children = (
				7D6C65C031BAD9DC5B0EC638 /* ContentProvider.swift */,
				C5728DCFEF27BA71C26520EB /* placeholder.png */,
			);
			path = TopShelfExtension;
			sourceTree = "<group>";
		};
/* End PBXGroup section */

/* Begin PBXNativeTarget section */
		49DB64717392FA11A6A9E361 /* PiDashboard */ = {
			isa = PBXNativeTarget;
			buildConfigurationList = EAAD779699788F0CC60BB2F6 /* Build configuration list for PBXNativeTarget "PiDashboard" */;
			buildPhases = (
				426892054931B32149FB012C /* Sources */,
				1BBFCCDBBB417C90F702D07C /* Embed Foundation Extensions */,
			);
			buildRules = (
			);
			dependencies = (
				27C2EB006F03B565A0774589 /* PBXTargetDependency */,
			);
			name = PiDashboard;
			packageProductDependencies = (
			);
			productName = PiDashboard;
			productReference = AF81475CC6A56181C6CBC160 /* PiDashboard.app */;
			productType = "com.apple.product-type.application";
		};
		CA1209D7C4EDFA8A7C945C0A /* TopShelfExtension */ = {
			isa = PBXNativeTarget;
			buildConfigurationList = 90438BBDA8BB7A0E92D7F0DE /* Build configuration list for PBXNativeTarget "TopShelfExtension" */;
			buildPhases = (
				B6E9B46E8E6B57BC18A5ACD5 /* Sources */,
				B002EB0252EE2F9C8ECACD77 /* Resources */,
				91E5CAF9AD43237EFBC5DC4A /* Frameworks */,
			);
			buildRules = (
			);
			dependencies = (
			);
			name = TopShelfExtension;
			packageProductDependencies = (
			);
			productName = TopShelfExtension;
			productReference = 04B865063419915A02E7117A /* TopShelfExtension.appex */;
			productType = "com.apple.product-type.tv-app-extension";
		};
/* End PBXNativeTarget section */

/* Begin PBXProject section */
		4D95BA2B69D1BD52EE09B4FE /* Project object */ = {
			isa = PBXProject;
			attributes = {
				BuildIndependentTargetsInParallel = YES;
				LastUpgradeCheck = 1600;
				TargetAttributes = {
					49DB64717392FA11A6A9E361 = {
						DevelopmentTeam = XMH4AVFC78;
					};
					CA1209D7C4EDFA8A7C945C0A = {
						DevelopmentTeam = XMH4AVFC78;
					};
				};
			};
			buildConfigurationList = 99A9A89513BDD0361E6E20E5 /* Build configuration list for PBXProject "PiDashboard" */;
			compatibilityVersion = "Xcode 14.0";
			developmentRegion = en;
			hasScannedForEncodings = 0;
			knownRegions = (
				Base,
				en,
			);
			mainGroup = 5A08F86A6F7321F8A62C4F7C;
			minimizedProjectReferenceProxies = 1;
			preferredProjectObjectVersion = 77;
			projectDirPath = "";
			projectRoot = "";
			targets = (
				49DB64717392FA11A6A9E361 /* PiDashboard */,
				CA1209D7C4EDFA8A7C945C0A /* TopShelfExtension */,
			);
		};
/* End PBXProject section */

/* Begin PBXResourcesBuildPhase section */
		B002EB0252EE2F9C8ECACD77 /* Resources */ = {
			isa = PBXResourcesBuildPhase;
			buildActionMask = 2147483647;
			files = (
				404809B548688F8CE56EEF32 /* placeholder.png in Resources */,
			);
			runOnlyForDeploymentPostprocessing = 0;
		};
/* End PBXResourcesBuildPhase section */

/* Begin PBXSourcesBuildPhase section */
		426892054931B32149FB012C /* Sources */ = {
			isa = PBXSourcesBuildPhase;
			buildActionMask = 2147483647;
			files = (
				62A1CE3F9A52B9BF17CF9C3B /* ContentView.swift in Sources */,
				5C3D6485784FFFE8C3B12820 /* DashboardSection.swift in Sources */,
				C9D5B3685EA6A573F027950E /* DashboardStore.swift in Sources */,
				D8A789FA8B951D2E8EC32A53 /* PiAPIClient.swift in Sources */,
				2B0B10F4BDD43516350862E9 /* PiDashboardApp.swift in Sources */,
				14CE29BF540F3EB02BC44BEF /* SectionRegistry.swift in Sources */,
				82BA324EFB20B0751625DEB0 /* SectionView.swift in Sources */,
				E1A47A998694AE9481F73F0F /* SharedCache.swift in Sources */,
				7E3BAC02FCB7B753B01A730A /* SharedConstants.swift in Sources */,
				BB2DA2DCBF29D2B8D14DE441 /* SharedModels.swift in Sources */,
				B632073D7F3FCF852CD183B8 /* StatusBanner.swift in Sources */,
			);
			runOnlyForDeploymentPostprocessing = 0;
		};
		B6E9B46E8E6B57BC18A5ACD5 /* Sources */ = {
			isa = PBXSourcesBuildPhase;
			buildActionMask = 2147483647;
			files = (
				4C349D74C999406DEF80402A /* ContentProvider.swift in Sources */,
				63F1B4E9B174615F7D4E43BA /* SharedCache.swift in Sources */,
				7F596EBA0EDB2B60679492D8 /* SharedConstants.swift in Sources */,
				CB42F449675693901D031D3C /* SharedModels.swift in Sources */,
			);
			runOnlyForDeploymentPostprocessing = 0;
		};
/* End PBXSourcesBuildPhase section */

/* Begin PBXTargetDependency section */
		27C2EB006F03B565A0774589 /* PBXTargetDependency */ = {
			isa = PBXTargetDependency;
			target = CA1209D7C4EDFA8A7C945C0A /* TopShelfExtension */;
			targetProxy = 0DE718403BAE528F92A0000C /* PBXContainerItemProxy */;
		};
/* End PBXTargetDependency section */

/* Begin XCBuildConfiguration section */
		1DEFD9FBA970B56498866AF7 /* Debug */ = {
			isa = XCBuildConfiguration;
			buildSettings = {
				ASSETCATALOG_COMPILER_APPICON_NAME = "App Icon & Top Shelf Image";
				ASSETCATALOG_COMPILER_LAUNCHIMAGE_NAME = LaunchImage;
				CODE_SIGN_ENTITLEMENTS = PiDashboard/PiDashboard.entitlements;
				INFOPLIST_FILE = PiDashboard/Info.plist;
				LD_RUNPATH_SEARCH_PATHS = (
					"$(inherited)",
					"@executable_path/Frameworks",
				);
				PRODUCT_BUNDLE_IDENTIFIER = com.jaredgantt.pidashboard;
				SDKROOT = appletvos;
				TARGETED_DEVICE_FAMILY = 3;
			};
			name = Debug;
		};
		2E33D2558E20325A6A0707E5 /* Release */ = {
			isa = XCBuildConfiguration;
			buildSettings = {
				CODE_SIGN_ENTITLEMENTS = TopShelfExtension/TopShelfExtension.entitlements;
				INFOPLIST_FILE = TopShelfExtension/Info.plist;
				LD_RUNPATH_SEARCH_PATHS = "$(inherited) @executable_path/Frameworks @executable_path/../../Frameworks";
				PRODUCT_BUNDLE_IDENTIFIER = com.jaredgantt.pidashboard.topshelf;
				SDKROOT = appletvos;
				SKIP_INSTALL = YES;
				TARGETED_DEVICE_FAMILY = 3;
			};
			name = Release;
		};
		810468E753EEED914DA2D2B9 /* Debug */ = {
			isa = XCBuildConfiguration;
			baseConfigurationReference = 92C86E4000B900AFEEC80FB4 /* Config.xcconfig */;
			buildSettings = {
				ALWAYS_SEARCH_USER_PATHS = NO;
				CLANG_ANALYZER_NONNULL = YES;
				CLANG_ANALYZER_NUMBER_OBJECT_CONVERSION = YES_AGGRESSIVE;
				CLANG_CXX_LANGUAGE_STANDARD = "gnu++14";
				CLANG_CXX_LIBRARY = "libc++";
				CLANG_ENABLE_MODULES = YES;
				CLANG_ENABLE_OBJC_ARC = YES;
				CLANG_ENABLE_OBJC_WEAK = YES;
				CLANG_WARN_BLOCK_CAPTURE_AUTORELEASING = YES;
				CLANG_WARN_BOOL_CONVERSION = YES;
				CLANG_WARN_COMMA = YES;
				CLANG_WARN_CONSTANT_CONVERSION = YES;
				CLANG_WARN_DEPRECATED_OBJC_IMPLEMENTATIONS = YES;
				CLANG_WARN_DIRECT_OBJC_ISA_USAGE = YES_ERROR;
				CLANG_WARN_DOCUMENTATION_COMMENTS = YES;
				CLANG_WARN_EMPTY_BODY = YES;
				CLANG_WARN_ENUM_CONVERSION = YES;
				CLANG_WARN_INFINITE_RECURSION = YES;
				CLANG_WARN_INT_CONVERSION = YES;
				CLANG_WARN_NON_LITERAL_NULL_CONVERSION = YES;
				CLANG_WARN_OBJC_IMPLICIT_RETAIN_SELF = YES;
				CLANG_WARN_OBJC_LITERAL_CONVERSION = YES;
				CLANG_WARN_OBJC_ROOT_CLASS = YES_ERROR;
				CLANG_WARN_QUOTED_INCLUDE_IN_FRAMEWORK_HEADER = YES;
				CLANG_WARN_RANGE_LOOP_ANALYSIS = YES;
				CLANG_WARN_STRICT_PROTOTYPES = YES;
				CLANG_WARN_SUSPICIOUS_MOVE = YES;
				CLANG_WARN_UNGUARDED_AVAILABILITY = YES_AGGRESSIVE;
				CLANG_WARN_UNREACHABLE_CODE = YES;
				CLANG_WARN__DUPLICATE_METHOD_MATCH = YES;
				COPY_PHASE_STRIP = NO;
				DEBUG_INFORMATION_FORMAT = dwarf;
				DEVELOPMENT_TEAM = XMH4AVFC78;
				ENABLE_STRICT_OBJC_MSGSEND = YES;
				ENABLE_TESTABILITY = YES;
				GCC_C_LANGUAGE_STANDARD = gnu11;
				GCC_DYNAMIC_NO_PIC = NO;
				GCC_NO_COMMON_BLOCKS = YES;
				GCC_OPTIMIZATION_LEVEL = 0;
				GCC_PREPROCESSOR_DEFINITIONS = (
					"$(inherited)",
					"DEBUG=1",
				);
				GCC_WARN_64_TO_32_BIT_CONVERSION = YES;
				GCC_WARN_ABOUT_RETURN_TYPE = YES_ERROR;
				GCC_WARN_UNDECLARED_SELECTOR = YES;
				GCC_WARN_UNINITIALIZED_AUTOS = YES_AGGRESSIVE;
				GCC_WARN_UNUSED_FUNCTION = YES;
				GCC_WARN_UNUSED_VARIABLE = YES;
				MTL_ENABLE_DEBUG_INFO = INCLUDE_SOURCE;
				MTL_FAST_MATH = YES;
				ONLY_ACTIVE_ARCH = YES;
				PRODUCT_NAME = "$(TARGET_NAME)";
				SDKROOT = appletvos;
				SWIFT_ACTIVE_COMPILATION_CONDITIONS = DEBUG;
				SWIFT_OPTIMIZATION_LEVEL = "-Onone";
				SWIFT_VERSION = 5.0;
				TVOS_DEPLOYMENT_TARGET = 17.0;
			};
			name = Debug;
		};
		86F09D0679EB2E0AA90CE226 /* Release */ = {
			isa = XCBuildConfiguration;
			baseConfigurationReference = 92C86E4000B900AFEEC80FB4 /* Config.xcconfig */;
			buildSettings = {
				ALWAYS_SEARCH_USER_PATHS = NO;
				CLANG_ANALYZER_NONNULL = YES;
				CLANG_ANALYZER_NUMBER_OBJECT_CONVERSION = YES_AGGRESSIVE;
				CLANG_CXX_LANGUAGE_STANDARD = "gnu++14";
				CLANG_CXX_LIBRARY = "libc++";
				CLANG_ENABLE_MODULES = YES;
				CLANG_ENABLE_OBJC_ARC = YES;
				CLANG_ENABLE_OBJC_WEAK = YES;
				CLANG_WARN_BLOCK_CAPTURE_AUTORELEASING = YES;
				CLANG_WARN_BOOL_CONVERSION = YES;
				CLANG_WARN_COMMA = YES;
				CLANG_WARN_CONSTANT_CONVERSION = YES;
				CLANG_WARN_DEPRECATED_OBJC_IMPLEMENTATIONS = YES;
				CLANG_WARN_DIRECT_OBJC_ISA_USAGE = YES_ERROR;
				CLANG_WARN_DOCUMENTATION_COMMENTS = YES;
				CLANG_WARN_EMPTY_BODY = YES;
				CLANG_WARN_ENUM_CONVERSION = YES;
				CLANG_WARN_INFINITE_RECURSION = YES;
				CLANG_WARN_INT_CONVERSION = YES;
				CLANG_WARN_NON_LITERAL_NULL_CONVERSION = YES;
				CLANG_WARN_OBJC_IMPLICIT_RETAIN_SELF = YES;
				CLANG_WARN_OBJC_LITERAL_CONVERSION = YES;
				CLANG_WARN_OBJC_ROOT_CLASS = YES_ERROR;
				CLANG_WARN_QUOTED_INCLUDE_IN_FRAMEWORK_HEADER = YES;
				CLANG_WARN_RANGE_LOOP_ANALYSIS = YES;
				CLANG_WARN_STRICT_PROTOTYPES = YES;
				CLANG_WARN_SUSPICIOUS_MOVE = YES;
				CLANG_WARN_UNGUARDED_AVAILABILITY = YES_AGGRESSIVE;
				CLANG_WARN_UNREACHABLE_CODE = YES;
				CLANG_WARN__DUPLICATE_METHOD_MATCH = YES;
				COPY_PHASE_STRIP = NO;
				DEBUG_INFORMATION_FORMAT = "dwarf-with-dsym";
				DEVELOPMENT_TEAM = XMH4AVFC78;
				ENABLE_NS_ASSERTIONS = NO;
				ENABLE_STRICT_OBJC_MSGSEND = YES;
				GCC_C_LANGUAGE_STANDARD = gnu11;
				GCC_NO_COMMON_BLOCKS = YES;
				GCC_WARN_64_TO_32_BIT_CONVERSION = YES;
				GCC_WARN_ABOUT_RETURN_TYPE = YES_ERROR;
				GCC_WARN_UNDECLARED_SELECTOR = YES;
				GCC_WARN_UNINITIALIZED_AUTOS = YES_AGGRESSIVE;
				GCC_WARN_UNUSED_FUNCTION = YES;
				GCC_WARN_UNUSED_VARIABLE = YES;
				MTL_ENABLE_DEBUG_INFO = NO;
				MTL_FAST_MATH = YES;
				PRODUCT_NAME = "$(TARGET_NAME)";
				SDKROOT = appletvos;
				SWIFT_COMPILATION_MODE = wholemodule;
				SWIFT_OPTIMIZATION_LEVEL = "-O";
				SWIFT_VERSION = 5.0;
				TVOS_DEPLOYMENT_TARGET = 17.0;
			};
			name = Release;
		};
		9FD28116DCA6182A062B8CC9 /* Release */ = {
			isa = XCBuildConfiguration;
			buildSettings = {
				ASSETCATALOG_COMPILER_APPICON_NAME = "App Icon & Top Shelf Image";
				ASSETCATALOG_COMPILER_LAUNCHIMAGE_NAME = LaunchImage;
				CODE_SIGN_ENTITLEMENTS = PiDashboard/PiDashboard.entitlements;
				INFOPLIST_FILE = PiDashboard/Info.plist;
				LD_RUNPATH_SEARCH_PATHS = (
					"$(inherited)",
					"@executable_path/Frameworks",
				);
				PRODUCT_BUNDLE_IDENTIFIER = com.jaredgantt.pidashboard;
				SDKROOT = appletvos;
				TARGETED_DEVICE_FAMILY = 3;
			};
			name = Release;
		};
		FCB278BC07CD33E41F8D6727 /* Debug */ = {
			isa = XCBuildConfiguration;
			buildSettings = {
				CODE_SIGN_ENTITLEMENTS = TopShelfExtension/TopShelfExtension.entitlements;
				INFOPLIST_FILE = TopShelfExtension/Info.plist;
				LD_RUNPATH_SEARCH_PATHS = "$(inherited) @executable_path/Frameworks @executable_path/../../Frameworks";
				PRODUCT_BUNDLE_IDENTIFIER = com.jaredgantt.pidashboard.topshelf;
				SDKROOT = appletvos;
				SKIP_INSTALL = YES;
				TARGETED_DEVICE_FAMILY = 3;
			};
			name = Debug;
		};
/* End XCBuildConfiguration section */

/* Begin XCConfigurationList section */
		90438BBDA8BB7A0E92D7F0DE /* Build configuration list for PBXNativeTarget "TopShelfExtension" */ = {
			isa = XCConfigurationList;
			buildConfigurations = (
				FCB278BC07CD33E41F8D6727 /* Debug */,
				2E33D2558E20325A6A0707E5 /* Release */,
			);
			defaultConfigurationIsVisible = 0;
			defaultConfigurationName = Debug;
		};
		99A9A89513BDD0361E6E20E5 /* Build configuration list for PBXProject "PiDashboard" */ = {
			isa = XCConfigurationList;
			buildConfigurations = (
				810468E753EEED914DA2D2B9 /* Debug */,
				86F09D0679EB2E0AA90CE226 /* Release */,
			);
			defaultConfigurationIsVisible = 0;
			defaultConfigurationName = Debug;
		};
		EAAD779699788F0CC60BB2F6 /* Build configuration list for PBXNativeTarget "PiDashboard" */ = {
			isa = XCConfigurationList;
			buildConfigurations = (
				1DEFD9FBA970B56498866AF7 /* Debug */,
				9FD28116DCA6182A062B8CC9 /* Release */,
			);
			defaultConfigurationIsVisible = 0;
			defaultConfigurationName = Debug;
		};
/* End XCConfigurationList section */
	};
	rootObject = 4D95BA2B69D1BD52EE09B4FE /* Project object */;
}
